
Microsoft Visual Studio Solution File, Format Version 12.00
# Visual Studio 14
VisualStudioVersion = 14.0.25123.0
MinimumVisualStudioVersion = 10.0.40219.1
Project("{FAE04EC0-301F-11D3-BF4B-00C04F79EFBC}") = "WebApiSwagger", "WebApiSwagger\WebApiSwagger.csproj", "{2EB0A570-7DE2-4CD5-B2CA-E258E88FBF43}"
EndProject
Project("{FAE04EC0-301F-11D3-BF4B-00C04F79EFBC}") = "DataAccess", "DataAccess\DataAccess.csproj", "{4F254669-D0FD-4C2B-BFE2-96398C440557}"
EndProject
Global
	GlobalSection(SolutionConfigurationPlatforms) = preSolution
		Debug|Any CPU = Debug|Any CPU
		Release|Any CPU = Release|Any CPU
	EndGlobalSection
	GlobalSection(ProjectConfigurationPlatforms) = postSolution
		{2EB0A570-7DE2-4CD5-B2CA-E258E88FBF43}.Debug|Any CPU.ActiveCfg = Debug|Any CPU
		{2EB0A570-7DE2-4CD5-B2CA-E258E88FBF43}.Debug|Any CPU.Build.0 = Debug|Any CPU
		{2EB0A570-7DE2-4CD5-B2CA-E258E88FBF43}.Release|Any CPU.ActiveCfg = Release|Any CPU
		{2EB0A570-7DE2-4CD5-B2CA-E258E88FBF43}.Release|Any CPU.Build.0 = Release|Any CPU
		{4F254669-D0FD-4C2B-BFE2-96398C440557}.Debug|Any CPU.ActiveCfg = Debug|Any CPU
		{4F254669-D0FD-4C2B-BFE2-96398C440557}.Debug|Any CPU.Build.0 = Debug|Any CPU
		{4F254669-D0FD-4C2B-BFE2-96398C440557}.Release|Any CPU.ActiveCfg = Release|Any CPU
		{4F254669-D0FD-4C2B-BFE2-96398C440557}.Release|Any CPU.Build.0 = Release|Any CPU
	EndGlobalSection
	GlobalSection(SolutionProperties) = preSolution
		HideSolutionNode = FALSE
	EndGlobalSection
EndGlobal
